
Microsoft Visual Studio Solution File, Format Version 12.00
# Visual Studio Version 16
VisualStudioVersion = 16.0.29509.3
MinimumVisualStudioVersion = 10.0.40219.1
Project("{FAE04EC0-301F-11D3-BF4B-00C04F79EFBC}") = "Loppuprojekti", "Loppuprojekti.csproj", "{831823EF-02AF-4D1F-A346-4BBD434D10BB}"
EndProject
Global
	GlobalSection(SolutionConfigurationPlatforms) = preSolution
		Debug|Any CPU = Debug|Any CPU
		Release|Any CPU = Release|Any CPU
	EndGlobalSection
	GlobalSection(ProjectConfigurationPlatforms) = postSolution
		{831823EF-02AF-4D1F-A346-4BBD434D10BB}.Debug|Any CPU.ActiveCfg = Debug|Any CPU
		{831823EF-02AF-4D1F-A346-4BBD434D10BB}.Debug|Any CPU.Build.0 = Debug|Any CPU
		{831823EF-02AF-4D1F-A346-4BBD434D10BB}.Release|Any CPU.ActiveCfg = Release|Any CPU
		{831823EF-02AF-4D1F-A346-4BBD434D10BB}.Release|Any CPU.Build.0 = Release|Any CPU
	EndGlobalSection
	GlobalSection(SolutionProperties) = preSolution
		HideSolutionNode = FALSE
	EndGlobalSection
	GlobalSection(ExtensibilityGlobals) = postSolution
		SolutionGuid = {F6104494-5ED6-4216-84D4-A5460261FCCF}
	EndGlobalSection
EndGlobal
